
Microsoft Visual Studio Solution File, Format Version 12.00
# Visual Studio Version 17
VisualStudioVersion = 17.9.34622.214
MinimumVisualStudioVersion = 10.0.40219.1
Project("{2150E333-8FDC-42A3-9474-1A3956D46DE8}") = "src", "src", "{5F12BFC2-B79E-4A9C-870F-F0A0D4414771}"
EndProject
Project("{2150E333-8FDC-42A3-9474-1A3956D46DE8}") = "Common", "Common", "{6B9A0CB0-1892-4B80-98C0-CF7099EDDC57}"
EndProject
Project("{2150E333-8FDC-42A3-9474-1A3956D46DE8}") = "Core", "Core", "{58E70C25-27D0-4D3B-9309-7AA69A4DFCBE}"
EndProject
Project("{2150E333-8FDC-42A3-9474-1A3956D46DE8}") = "Application", "Application", "{D27A3E6D-EC3C-4BEF-95B2-4E5617586104}"
EndProject
Project("{2150E333-8FDC-42A3-9474-1A3956D46DE8}") = "McsControllers", "McsControllers", "{3E22B799-BA92-49A9-92D7-ED2045734E58}"
EndProject
Project("{FAE04EC0-301F-11D3-BF4B-00C04F79EFBC}") = "EventBusMqtt", "EventBusMqtt\EventBusMqtt.csproj", "{96682724-2C1C-43A7-BBB5-5828E21A66D2}"
EndProject
Project("{FAE04EC0-301F-11D3-BF4B-00C04F79EFBC}") = "McsCore", "McsCore\McsCore.csproj", "{41171788-3D10-4852-85AE-8616736F7C8B}"
EndProject
Project("{FAE04EC0-301F-11D3-BF4B-00C04F79EFBC}") = "McsInfrastructure", "McsInfrastructure\McsInfrastructure.csproj", "{183DE806-0393-405D-BFF4-B3E27F043E92}"
EndProject
Project("{FAE04EC0-301F-11D3-BF4B-00C04F79EFBC}") = "McsAPI", "McsAPI\McsAPI.csproj", "{CEAE2D69-F9EA-4280-9A4B-024EAE689B88}"
EndProject
Project("{FAE04EC0-301F-11D3-BF4B-00C04F79EFBC}") = "McsApplication", "McsApplication\McsApplication.csproj", "{42BFE805-917A-4F41-B004-9438EFAF4CC2}"
EndProject
Global
	GlobalSection(SolutionConfigurationPlatforms) = preSolution
		Debug|Any CPU = Debug|Any CPU
		Release|Any CPU = Release|Any CPU
	EndGlobalSection
	GlobalSection(ProjectConfigurationPlatforms) = postSolution
		{96682724-2C1C-43A7-BBB5-5828E21A66D2}.Debug|Any CPU.ActiveCfg = Debug|Any CPU
		{96682724-2C1C-43A7-BBB5-5828E21A66D2}.Debug|Any CPU.Build.0 = Debug|Any CPU
		{96682724-2C1C-43A7-BBB5-5828E21A66D2}.Release|Any CPU.ActiveCfg = Release|Any CPU
		{96682724-2C1C-43A7-BBB5-5828E21A66D2}.Release|Any CPU.Build.0 = Release|Any CPU
		{41171788-3D10-4852-85AE-8616736F7C8B}.Debug|Any CPU.ActiveCfg = Debug|Any CPU
		{41171788-3D10-4852-85AE-8616736F7C8B}.Debug|Any CPU.Build.0 = Debug|Any CPU
		{41171788-3D10-4852-85AE-8616736F7C8B}.Release|Any CPU.ActiveCfg = Release|Any CPU
		{41171788-3D10-4852-85AE-8616736F7C8B}.Release|Any CPU.Build.0 = Release|Any CPU
		{183DE806-0393-405D-BFF4-B3E27F043E92}.Debug|Any CPU.ActiveCfg = Debug|Any CPU
		{183DE806-0393-405D-BFF4-B3E27F043E92}.Debug|Any CPU.Build.0 = Debug|Any CPU
		{183DE806-0393-405D-BFF4-B3E27F043E92}.Release|Any CPU.ActiveCfg = Release|Any CPU
		{183DE806-0393-405D-BFF4-B3E27F043E92}.Release|Any CPU.Build.0 = Release|Any CPU
		{CEAE2D69-F9EA-4280-9A4B-024EAE689B88}.Debug|Any CPU.ActiveCfg = Debug|Any CPU
		{CEAE2D69-F9EA-4280-9A4B-024EAE689B88}.Debug|Any CPU.Build.0 = Debug|Any CPU
		{CEAE2D69-F9EA-4280-9A4B-024EAE689B88}.Release|Any CPU.ActiveCfg = Release|Any CPU
		{CEAE2D69-F9EA-4280-9A4B-024EAE689B88}.Release|Any CPU.Build.0 = Release|Any CPU
		{42BFE805-917A-4F41-B004-9438EFAF4CC2}.Debug|Any CPU.ActiveCfg = Debug|Any CPU
		{42BFE805-917A-4F41-B004-9438EFAF4CC2}.Debug|Any CPU.Build.0 = Debug|Any CPU
		{42BFE805-917A-4F41-B004-9438EFAF4CC2}.Release|Any CPU.ActiveCfg = Release|Any CPU
		{42BFE805-917A-4F41-B004-9438EFAF4CC2}.Release|Any CPU.Build.0 = Release|Any CPU
	EndGlobalSection
	GlobalSection(SolutionProperties) = preSolution
		HideSolutionNode = FALSE
	EndGlobalSection
	GlobalSection(NestedProjects) = preSolution
		{6B9A0CB0-1892-4B80-98C0-CF7099EDDC57} = {5F12BFC2-B79E-4A9C-870F-F0A0D4414771}
		{58E70C25-27D0-4D3B-9309-7AA69A4DFCBE} = {5F12BFC2-B79E-4A9C-870F-F0A0D4414771}
		{D27A3E6D-EC3C-4BEF-95B2-4E5617586104} = {5F12BFC2-B79E-4A9C-870F-F0A0D4414771}
		{3E22B799-BA92-49A9-92D7-ED2045734E58} = {5F12BFC2-B79E-4A9C-870F-F0A0D4414771}
		{96682724-2C1C-43A7-BBB5-5828E21A66D2} = {6B9A0CB0-1892-4B80-98C0-CF7099EDDC57}
		{41171788-3D10-4852-85AE-8616736F7C8B} = {58E70C25-27D0-4D3B-9309-7AA69A4DFCBE}
		{183DE806-0393-405D-BFF4-B3E27F043E92} = {58E70C25-27D0-4D3B-9309-7AA69A4DFCBE}
		{CEAE2D69-F9EA-4280-9A4B-024EAE689B88} = {3E22B799-BA92-49A9-92D7-ED2045734E58}
		{42BFE805-917A-4F41-B004-9438EFAF4CC2} = {D27A3E6D-EC3C-4BEF-95B2-4E5617586104}
	EndGlobalSection
	GlobalSection(ExtensibilityGlobals) = postSolution
		SolutionGuid = {1F50F456-3C8F-44BB-8CBA-48BC4F3DC001}
	EndGlobalSection
EndGlobal
